// !$*UTF8*$!
{
	archiveVersion = 1;
	classes = {
	};
	objectVersion = 46;
	objects = {

/* Begin PBXBuildFile section */
		7CDBEB8B1D917DAD0020BFE0 /* AppDelegate.swift in Sources */ = {isa = PBXBuildFile; fileRef = 7CDBEB8A1D917DAD0020BFE0 /* AppDelegate.swift */; };
		7CDBEB8D1D917DAD0020BFE0 /* ViewController.swift in Sources */ = {isa = PBXBuildFile; fileRef = 7CDBEB8C1D917DAD0020BFE0 /* ViewController.swift */; };
		7CDBEB901D917DAD0020BFE0 /* Main.storyboard in Resources */ = {isa = PBXBuildFile; fileRef = 7CDBEB8E1D917DAD0020BFE0 /* Main.storyboard */; };
		7CDBEB921D917DAD0020BFE0 /* Assets.xcassets in Resources */ = {isa = PBXBuildFile; fileRef = 7CDBEB911D917DAD0020BFE0 /* Assets.xcassets */; };
		7CDBEB951D917DAD0020BFE0 /* LaunchScreen.storyboard in Resources */ = {isa = PBXBuildFile; fileRef = 7CDBEB931D917DAD0020BFE0 /* LaunchScreen.storyboard */; };
/* End PBXBuildFile section */

/* Begin PBXFileReference section */
		7CDBEB871D917DAD0020BFE0 /* Lab_2Terrones.app */ = {isa = PBXFileReference; explicitFileType = wrapper.application; includeInIndex = 0; path = Lab_2Terrones.app; sourceTree = BUILT_PRODUCTS_DIR; };
		7CDBEB8A1D917DAD0020BFE0 /* AppDelegate.swift */ = {isa = PBXFileReference; lastKnownFileType = sourcecode.swift; path = AppDelegate.swift; sourceTree = "<group>"; };
		7CDBEB8C1D917DAD0020BFE0 /* ViewController.swift */ = {isa = PBXFileReference; lastKnownFileType = sourcecode.swift; path = ViewController.swift; sourceTree = "<group>"; };
		7CDBEB8F1D917DAD0020BFE0 /* Base */ = {isa = PBXFileReference; lastKnownFileType = file.storyboard; name = Base; path = Base.lproj/Main.storyboard; sourceTree = "<group>"; };
		7CDBEB911D917DAD0020BFE0 /* Assets.xcassets */ = {isa = PBXFileReference; lastKnownFileType = folder.assetcatalog; path = Assets.xcassets; sourceTree = "<group>"; };
		7CDBEB941D917DAD0020BFE0 /* Base */ = {isa = PBXFileReference; lastKnownFileType = file.storyboard; name = Base; path = Base.lproj/LaunchScreen.storyboard; sourceTree = "<group>"; };
		7CDBEB961D917DAD0020BFE0 /* Info.plist */ = {isa = PBXFileReference; lastKnownFileType = text.plist.xml; path = Info.plist; sourceTree = "<group>"; };
/* End PBXFileReference section */

/* Begin PBXFrameworksBuildPhase section */
		7CDBEB841D917DAD0020BFE0 /* Frameworks */ = {
			isa = PBXFrameworksBuildPhase;
			buildActionMask = 2147483647;
			files = (
			);
			runOnlyForDeploymentPostprocessing = 0;
		};
/* End PBXFrameworksBuildPhase section */

/* Begin PBXGroup section */
		7CDBEB7E1D917DAD0020BFE0 = {
			isa = PBXGroup;
			children = (
				7CDBEB891D917DAD0020BFE0 /* Lab_2Terrones */,
				7CDBEB881D917DAD0020BFE0 /* Products */,
			);
			sourceTree = "<group>";
		};
		7CDBEB881D917DAD0020BFE0 /* Products */ = {
			isa = PBXGroup;
			children = (
				7CDBEB871D917DAD0020BFE0 /* Lab_2Terrones.app */,
			);
			name = Products;
			sourceTree = "<group>";
		};
		7CDBEB891D917DAD0020BFE0 /* Lab_2Terrones */ = {
			isa = PBXGroup;
			children = (
				7CDBEB8A1D917DAD0020BFE0 /* AppDelegate.swift */,
				7CDBEB8C1D917DAD0020BFE0 /* ViewController.swift */,
				7CDBEB8E1D917DAD0020BFE0 /* Main.storyboard */,
				7CDBEB911D917DAD0020BFE0 /* Assets.xcassets */,
				7CDBEB931D917DAD0020BFE0 /* LaunchScreen.storyboard */,
				7CDBEB961D917DAD0020BFE0 /* Info.plist */,
			);
			path = Lab_2Terrones;
			sourceTree = "<group>";
		};
/* End PBXGroup section */

/* Begin PBXNativeTarget section */
		7CDBEB861D917DAD0020BFE0 /* Lab_2Terrones */ = {
			isa = PBXNativeTarget;
			buildConfigurationList = 7CDBEB991D917DAD0020BFE0 /* Build configuration list for PBXNativeTarget "Lab_2Terrones" */;
			buildPhases = (
				7CDBEB831D917DAD0020BFE0 /* Sources */,
				7CDBEB841D917DAD0020BFE0 /* Frameworks */,
				7CDBEB851D917DAD0020BFE0 /* Resources */,
			);
			buildRules = (
			);
			dependencies = (
			);
			name = Lab_2Terrones;
			productName = Lab_2Terrones;
			productReference = 7CDBEB871D917DAD0020BFE0 /* Lab_2Terrones.app */;
			productType = "com.apple.product-type.application";
		};
/* End PBXNativeTarget section */

/* Begin PBXProject section */
		7CDBEB7F1D917DAD0020BFE0 /* Project object */ = {
			isa = PBXProject;
			attributes = {
				LastSwiftUpdateCheck = 0730;
				LastUpgradeCheck = 0730;
				ORGANIZATIONNAME = "Cooper Terrones";
				TargetAttributes = {
					7CDBEB861D917DAD0020BFE0 = {
						CreatedOnToolsVersion = 7.3.1;
					};
				};
			};
			buildConfigurationList = 7CDBEB821D917DAD0020BFE0 /* Build configuration list for PBXProject "Lab_2Terrones" */;
			compatibilityVersion = "Xcode 3.2";
			developmentRegion = English;
			hasScannedForEncodings = 0;
			knownRegions = (
				en,
				Base,
			);
			mainGroup = 7CDBEB7E1D917DAD0020BFE0;
			productRefGroup = 7CDBEB881D917DAD0020BFE0 /* Products */;
			projectDirPath = "";
			projectRoot = "";
			targets = (
				7CDBEB861D917DAD0020BFE0 /* Lab_2Terrones */,
			);
		};
/* End PBXProject section */

/* Begin PBXResourcesBuildPhase section */
		7CDBEB851D917DAD0020BFE0 /* Resources */ = {
			isa = PBXResourcesBuildPhase;
			buildActionMask = 2147483647;
			files = (
				7CDBEB951D917DAD0020BFE0 /* LaunchScreen.storyboard in Resources */,
				7CDBEB921D917DAD0020BFE0 /* Assets.xcassets in Resources */,
				7CDBEB901D917DAD0020BFE0 /* Main.storyboard in Resources */,
			);
			runOnlyForDeploymentPostprocessing = 0;
		};
/* End PBXResourcesBuildPhase section */

/* Begin PBXSourcesBuildPhase section */
		7CDBEB831D917DAD0020BFE0 /* Sources */ = {
			isa = PBXSourcesBuildPhase;
			buildActionMask = 2147483647;
			files = (
				7CDBEB8D1D917DAD0020BFE0 /* ViewController.swift in Sources */,
				7CDBEB8B1D917DAD0020BFE0 /* AppDelegate.swift in Sources */,
			);
			runOnlyForDeploymentPostprocessing = 0;
		};
/* End PBXSourcesBuildPhase section */

/* Begin PBXVariantGroup section */
		7CDBEB8E1D917DAD0020BFE0 /* Main.storyboard */ = {
			isa = PBXVariantGroup;
			children = (
				7CDBEB8F1D917DAD0020BFE0 /* Base */,
			);
			name = Main.storyboard;
			sourceTree = "<group>";
		};
		7CDBEB931D917DAD0020BFE0 /* LaunchScreen.storyboard */ = {
			isa = PBXVariantGroup;
			children = (
				7CDBEB941D917DAD0020BFE0 /* Base */,
			);
			name = LaunchScreen.storyboard;
			sourceTree = "<group>";
		};
/* End PBXVariantGroup section */

/* Begin XCBuildConfiguration section */
		7CDBEB971D917DAD0020BFE0 /* Debug */ = {
			isa = XCBuildConfiguration;
			buildSettings = {
				ALWAYS_SEARCH_USER_PATHS = NO;
				CLANG_ANALYZER_NONNULL = YES;
				CLANG_CXX_LANGUAGE_STANDARD = "gnu++0x";
				CLANG_CXX_LIBRARY = "libc++";
				CLANG_ENABLE_MODULES = YES;
				CLANG_ENABLE_OBJC_ARC = YES;
				CLANG_WARN_BOOL_CONVERSION = YES;
				CLANG_WARN_CONSTANT_CONVERSION = YES;
				CLANG_WARN_DIRECT_OBJC_ISA_USAGE = YES_ERROR;
				CLANG_WARN_EMPTY_BODY = YES;
				CLANG_WARN_ENUM_CONVERSION = YES;
				CLANG_WARN_INT_CONVERSION = YES;
				CLANG_WARN_OBJC_ROOT_CLASS = YES_ERROR;
				CLANG_WARN_UNREACHABLE_CODE = YES;
				CLANG_WARN__DUPLICATE_METHOD_MATCH = YES;
				"CODE_SIGN_IDENTITY[sdk=iphoneos*]" = "iPhone Developer";
				COPY_PHASE_STRIP = NO;
				DEBUG_INFORMATION_FORMAT = dwarf;
				ENABLE_STRICT_OBJC_MSGSEND = YES;
				ENABLE_TESTABILITY = YES;
				GCC_C_LANGUAGE_STANDARD = gnu99;
				GCC_DYNAMIC_NO_PIC = NO;
				GCC_NO_COMMON_BLOCKS = YES;
				GCC_OPTIMIZATION_LEVEL = 0;
				GCC_PREPROCESSOR_DEFINITIONS = (
					"DEBUG=1",
					"$(inherited)",
				);
				GCC_WARN_64_TO_32_BIT_CONVERSION = YES;
				GCC_WARN_ABOUT_RETURN_TYPE = YES_ERROR;
				GCC_WARN_UNDECLARED_SELECTOR = YES;
				GCC_WARN_UNINITIALIZED_AUTOS = YES_AGGRESSIVE;
				GCC_WARN_UNUSED_FUNCTION = YES;
				GCC_WARN_UNUSED_VARIABLE = YES;
				IPHONEOS_DEPLOYMENT_TARGET = 9.3;
				MTL_ENABLE_DEBUG_INFO = YES;
				ONLY_ACTIVE_ARCH = YES;
				SDKROOT = iphoneos;
				SWIFT_OPTIMIZATION_LEVEL = "-Onone";
				TARGETED_DEVICE_FAMILY = "1,2";
			};
			name = Debug;
		};
		7CDBEB981D917DAD0020BFE0 /* Release */ = {
			isa = XCBuildConfiguration;
			buildSettings = {
				ALWAYS_SEARCH_USER_PATHS = NO;
				CLANG_ANALYZER_NONNULL = YES;
				CLANG_CXX_LANGUAGE_STANDARD = "gnu++0x";
				CLANG_CXX_LIBRARY = "libc++";
				CLANG_ENABLE_MODULES = YES;
				CLANG_ENABLE_OBJC_ARC = YES;
				CLANG_WARN_BOOL_CONVERSION = YES;
				CLANG_WARN_CONSTANT_CONVERSION = YES;
				CLANG_WARN_DIRECT_OBJC_ISA_USAGE = YES_ERROR;
				CLANG_WARN_EMPTY_BODY = YES;
				CLANG_WARN_ENUM_CONVERSION = YES;
				CLANG_WARN_INT_CONVERSION = YES;
				CLANG_WARN_OBJC_ROOT_CLASS = YES_ERROR;
				CLANG_WARN_UNREACHABLE_CODE = YES;
				CLANG_WARN__DUPLICATE_METHOD_MATCH = YES;
				"CODE_SIGN_IDENTITY[sdk=iphoneos*]" = "iPhone Developer";
				COPY_PHASE_STRIP = NO;
				DEBUG_INFORMATION_FORMAT = "dwarf-with-dsym";
				ENABLE_NS_ASSERTIONS = NO;
				ENABLE_STRICT_OBJC_MSGSEND = YES;
				GCC_C_LANGUAGE_STANDARD = gnu99;
				GCC_NO_COMMON_BLOCKS = YES;
				GCC_WARN_64_TO_32_BIT_CONVERSION = YES;
				GCC_WARN_ABOUT_RETURN_TYPE = YES_ERROR;
				GCC_WARN_UNDECLARED_SELECTOR = YES;
				GCC_WARN_UNINITIALIZED_AUTOS = YES_AGGRESSIVE;
				GCC_WARN_UNUSED_FUNCTION = YES;
				GCC_WARN_UNUSED_VARIABLE = YES;
				IPHONEOS_DEPLOYMENT_TARGET = 9.3;
				MTL_ENABLE_DEBUG_INFO = NO;
				SDKROOT = iphoneos;
				TARGETED_DEVICE_FAMILY = "1,2";
				VALIDATE_PRODUCT = YES;
			};
			name = Release;
		};
		7CDBEB9A1D917DAD0020BFE0 /* Debug */ = {
			isa = XCBuildConfiguration;
			buildSettings = {
				ASSETCATALOG_COMPILER_APPICON_NAME = AppIcon;
				INFOPLIST_FILE = Lab_2Terrones/Info.plist;
				LD_RUNPATH_SEARCH_PATHS = "$(inherited) @executable_path/Frameworks";
				PRODUCT_BUNDLE_IDENTIFIER = "COOP.Lab-2Terrones";
				PRODUCT_NAME = "$(TARGET_NAME)";
			};
			name = Debug;
		};
		7CDBEB9B1D917DAD0020BFE0 /* Release */ = {
			isa = XCBuildConfiguration;
			buildSettings = {
				ASSETCATALOG_COMPILER_APPICON_NAME = AppIcon;
				INFOPLIST_FILE = Lab_2Terrones/Info.plist;
				LD_RUNPATH_SEARCH_PATHS = "$(inherited) @executable_path/Frameworks";
				PRODUCT_BUNDLE_IDENTIFIER = "COOP.Lab-2Terrones";
				PRODUCT_NAME = "$(TARGET_NAME)";
			};
			name = Release;
		};
/* End XCBuildConfiguration section */

/* Begin XCConfigurationList section */
		7CDBEB821D917DAD0020BFE0 /* Build configuration list for PBXProject "Lab_2Terrones" */ = {
			isa = XCConfigurationList;
			buildConfigurations = (
				7CDBEB971D917DAD0020BFE0 /* Debug */,
				7CDBEB981D917DAD0020BFE0 /* Release */,
			);
			defaultConfigurationIsVisible = 0;
			defaultConfigurationName = Release;
		};
		7CDBEB991D917DAD0020BFE0 /* Build configuration list for PBXNativeTarget "Lab_2Terrones" */ = {
			isa = XCConfigurationList;
			buildConfigurations = (
				7CDBEB9A1D917DAD0020BFE0 /* Debug */,
				7CDBEB9B1D917DAD0020BFE0 /* Release */,
			);
			defaultConfigurationIsVisible = 0;
		};
/* End XCConfigurationList section */
	};
	rootObject = 7CDBEB7F1D917DAD0020BFE0 /* Project object */;
}
