// !$*UTF8*$!
{
	archiveVersion = 1;
	classes = {
	};
	objectVersion = 46;
	objects = {

/* Begin PBXBuildFile section */
		7CFC806E1DB57DF700D0DFD0 /* AppDelegate.swift in Sources */ = {isa = PBXBuildFile; fileRef = 7CFC806D1DB57DF700D0DFD0 /* AppDelegate.swift */; };
		7CFC80701DB57DF700D0DFD0 /* ViewController.swift in Sources */ = {isa = PBXBuildFile; fileRef = 7CFC806F1DB57DF700D0DFD0 /* ViewController.swift */; };
		7CFC80731DB57DF800D0DFD0 /* Main.storyboard in Resources */ = {isa = PBXBuildFile; fileRef = 7CFC80711DB57DF800D0DFD0 /* Main.storyboard */; };
		7CFC80751DB57DF800D0DFD0 /* Assets.xcassets in Resources */ = {isa = PBXBuildFile; fileRef = 7CFC80741DB57DF800D0DFD0 /* Assets.xcassets */; };
		7CFC80781DB57DF800D0DFD0 /* LaunchScreen.storyboard in Resources */ = {isa = PBXBuildFile; fileRef = 7CFC80761DB57DF800D0DFD0 /* LaunchScreen.storyboard */; };
		7CFC80801DB57F3400D0DFD0 /* CoreLocation.framework in Frameworks */ = {isa = PBXBuildFile; fileRef = 7CFC807F1DB57F3400D0DFD0 /* CoreLocation.framework */; };
		7CFC80821DB57F3C00D0DFD0 /* MapKit.framework in Frameworks */ = {isa = PBXBuildFile; fileRef = 7CFC80811DB57F3C00D0DFD0 /* MapKit.framework */; };
/* End PBXBuildFile section */

/* Begin PBXFileReference section */
		7CFC806A1DB57DF700D0DFD0 /* Lab_5.app */ = {isa = PBXFileReference; explicitFileType = wrapper.application; includeInIndex = 0; path = Lab_5.app; sourceTree = BUILT_PRODUCTS_DIR; };
		7CFC806D1DB57DF700D0DFD0 /* AppDelegate.swift */ = {isa = PBXFileReference; lastKnownFileType = sourcecode.swift; path = AppDelegate.swift; sourceTree = "<group>"; };
		7CFC806F1DB57DF700D0DFD0 /* ViewController.swift */ = {isa = PBXFileReference; lastKnownFileType = sourcecode.swift; path = ViewController.swift; sourceTree = "<group>"; };
		7CFC80721DB57DF800D0DFD0 /* Base */ = {isa = PBXFileReference; lastKnownFileType = file.storyboard; name = Base; path = Base.lproj/Main.storyboard; sourceTree = "<group>"; };
		7CFC80741DB57DF800D0DFD0 /* Assets.xcassets */ = {isa = PBXFileReference; lastKnownFileType = folder.assetcatalog; path = Assets.xcassets; sourceTree = "<group>"; };
		7CFC80771DB57DF800D0DFD0 /* Base */ = {isa = PBXFileReference; lastKnownFileType = file.storyboard; name = Base; path = Base.lproj/LaunchScreen.storyboard; sourceTree = "<group>"; };
		7CFC80791DB57DF800D0DFD0 /* Info.plist */ = {isa = PBXFileReference; lastKnownFileType = text.plist.xml; path = Info.plist; sourceTree = "<group>"; };
		7CFC807F1DB57F3400D0DFD0 /* CoreLocation.framework */ = {isa = PBXFileReference; lastKnownFileType = wrapper.framework; name = CoreLocation.framework; path = System/Library/Frameworks/CoreLocation.framework; sourceTree = SDKROOT; };
		7CFC80811DB57F3C00D0DFD0 /* MapKit.framework */ = {isa = PBXFileReference; lastKnownFileType = wrapper.framework; name = MapKit.framework; path = System/Library/Frameworks/MapKit.framework; sourceTree = SDKROOT; };
/* End PBXFileReference section */

/* Begin PBXFrameworksBuildPhase section */
		7CFC80671DB57DF700D0DFD0 /* Frameworks */ = {
			isa = PBXFrameworksBuildPhase;
			buildActionMask = 2147483647;
			files = (
				7CFC80821DB57F3C00D0DFD0 /* MapKit.framework in Frameworks */,
				7CFC80801DB57F3400D0DFD0 /* CoreLocation.framework in Frameworks */,
			);
			runOnlyForDeploymentPostprocessing = 0;
		};
/* End PBXFrameworksBuildPhase section */

/* Begin PBXGroup section */
		7CFC80611DB57DF700D0DFD0 = {
			isa = PBXGroup;
			children = (
				7CFC80811DB57F3C00D0DFD0 /* MapKit.framework */,
				7CFC807F1DB57F3400D0DFD0 /* CoreLocation.framework */,
				7CFC806C1DB57DF700D0DFD0 /* Lab_5 */,
				7CFC806B1DB57DF700D0DFD0 /* Products */,
			);
			sourceTree = "<group>";
		};
		7CFC806B1DB57DF700D0DFD0 /* Products */ = {
			isa = PBXGroup;
			children = (
				7CFC806A1DB57DF700D0DFD0 /* Lab_5.app */,
			);
			name = Products;
			sourceTree = "<group>";
		};
		7CFC806C1DB57DF700D0DFD0 /* Lab_5 */ = {
			isa = PBXGroup;
			children = (
				7CFC806D1DB57DF700D0DFD0 /* AppDelegate.swift */,
				7CFC806F1DB57DF700D0DFD0 /* ViewController.swift */,
				7CFC80711DB57DF800D0DFD0 /* Main.storyboard */,
				7CFC80741DB57DF800D0DFD0 /* Assets.xcassets */,
				7CFC80761DB57DF800D0DFD0 /* LaunchScreen.storyboard */,
				7CFC80791DB57DF800D0DFD0 /* Info.plist */,
			);
			path = Lab_5;
			sourceTree = "<group>";
		};
/* End PBXGroup section */

/* Begin PBXNativeTarget section */
		7CFC80691DB57DF700D0DFD0 /* Lab_5 */ = {
			isa = PBXNativeTarget;
			buildConfigurationList = 7CFC807C1DB57DF800D0DFD0 /* Build configuration list for PBXNativeTarget "Lab_5" */;
			buildPhases = (
				7CFC80661DB57DF700D0DFD0 /* Sources */,
				7CFC80671DB57DF700D0DFD0 /* Frameworks */,
				7CFC80681DB57DF700D0DFD0 /* Resources */,
			);
			buildRules = (
			);
			dependencies = (
			);
			name = Lab_5;
			productName = Lab_5;
			productReference = 7CFC806A1DB57DF700D0DFD0 /* Lab_5.app */;
			productType = "com.apple.product-type.application";
		};
/* End PBXNativeTarget section */

/* Begin PBXProject section */
		7CFC80621DB57DF700D0DFD0 /* Project object */ = {
			isa = PBXProject;
			attributes = {
				LastSwiftUpdateCheck = 0730;
				LastUpgradeCheck = 0730;
				ORGANIZATIONNAME = "Cooper Terrones";
				TargetAttributes = {
					7CFC80691DB57DF700D0DFD0 = {
						CreatedOnToolsVersion = 7.3.1;
					};
				};
			};
			buildConfigurationList = 7CFC80651DB57DF700D0DFD0 /* Build configuration list for PBXProject "Lab_5" */;
			compatibilityVersion = "Xcode 3.2";
			developmentRegion = English;
			hasScannedForEncodings = 0;
			knownRegions = (
				en,
				Base,
			);
			mainGroup = 7CFC80611DB57DF700D0DFD0;
			productRefGroup = 7CFC806B1DB57DF700D0DFD0 /* Products */;
			projectDirPath = "";
			projectRoot = "";
			targets = (
				7CFC80691DB57DF700D0DFD0 /* Lab_5 */,
			);
		};
/* End PBXProject section */

/* Begin PBXResourcesBuildPhase section */
		7CFC80681DB57DF700D0DFD0 /* Resources */ = {
			isa = PBXResourcesBuildPhase;
			buildActionMask = 2147483647;
			files = (
				7CFC80781DB57DF800D0DFD0 /* LaunchScreen.storyboard in Resources */,
				7CFC80751DB57DF800D0DFD0 /* Assets.xcassets in Resources */,
				7CFC80731DB57DF800D0DFD0 /* Main.storyboard in Resources */,
			);
			runOnlyForDeploymentPostprocessing = 0;
		};
/* End PBXResourcesBuildPhase section */

/* Begin PBXSourcesBuildPhase section */
		7CFC80661DB57DF700D0DFD0 /* Sources */ = {
			isa = PBXSourcesBuildPhase;
			buildActionMask = 2147483647;
			files = (
				7CFC80701DB57DF700D0DFD0 /* ViewController.swift in Sources */,
				7CFC806E1DB57DF700D0DFD0 /* AppDelegate.swift in Sources */,
			);
			runOnlyForDeploymentPostprocessing = 0;
		};
/* End PBXSourcesBuildPhase section */

/* Begin PBXVariantGroup section */
		7CFC80711DB57DF800D0DFD0 /* Main.storyboard */ = {
			isa = PBXVariantGroup;
			children = (
				7CFC80721DB57DF800D0DFD0 /* Base */,
			);
			name = Main.storyboard;
			sourceTree = "<group>";
		};
		7CFC80761DB57DF800D0DFD0 /* LaunchScreen.storyboard */ = {
			isa = PBXVariantGroup;
			children = (
				7CFC80771DB57DF800D0DFD0 /* Base */,
			);
			name = LaunchScreen.storyboard;
			sourceTree = "<group>";
		};
/* End PBXVariantGroup section */

/* Begin XCBuildConfiguration section */
		7CFC807A1DB57DF800D0DFD0 /* Debug */ = {
			isa = XCBuildConfiguration;
			buildSettings = {
				ALWAYS_SEARCH_USER_PATHS = NO;
				CLANG_ANALYZER_NONNULL = YES;
				CLANG_CXX_LANGUAGE_STANDARD = "gnu++0x";
				CLANG_CXX_LIBRARY = "libc++";
				CLANG_ENABLE_MODULES = YES;
				CLANG_ENABLE_OBJC_ARC = YES;
				CLANG_WARN_BOOL_CONVERSION = YES;
				CLANG_WARN_CONSTANT_CONVERSION = YES;
				CLANG_WARN_DIRECT_OBJC_ISA_USAGE = YES_ERROR;
				CLANG_WARN_EMPTY_BODY = YES;
				CLANG_WARN_ENUM_CONVERSION = YES;
				CLANG_WARN_INT_CONVERSION = YES;
				CLANG_WARN_OBJC_ROOT_CLASS = YES_ERROR;
				CLANG_WARN_UNREACHABLE_CODE = YES;
				CLANG_WARN__DUPLICATE_METHOD_MATCH = YES;
				"CODE_SIGN_IDENTITY[sdk=iphoneos*]" = "iPhone Developer";
				COPY_PHASE_STRIP = NO;
				DEBUG_INFORMATION_FORMAT = dwarf;
				ENABLE_STRICT_OBJC_MSGSEND = YES;
				ENABLE_TESTABILITY = YES;
				GCC_C_LANGUAGE_STANDARD = gnu99;
				GCC_DYNAMIC_NO_PIC = NO;
				GCC_NO_COMMON_BLOCKS = YES;
				GCC_OPTIMIZATION_LEVEL = 0;
				GCC_PREPROCESSOR_DEFINITIONS = (
					"DEBUG=1",
					"$(inherited)",
				);
				GCC_WARN_64_TO_32_BIT_CONVERSION = YES;
				GCC_WARN_ABOUT_RETURN_TYPE = YES_ERROR;
				GCC_WARN_UNDECLARED_SELECTOR = YES;
				GCC_WARN_UNINITIALIZED_AUTOS = YES_AGGRESSIVE;
				GCC_WARN_UNUSED_FUNCTION = YES;
				GCC_WARN_UNUSED_VARIABLE = YES;
				IPHONEOS_DEPLOYMENT_TARGET = 9.3;
				MTL_ENABLE_DEBUG_INFO = YES;
				ONLY_ACTIVE_ARCH = YES;
				SDKROOT = iphoneos;
				SWIFT_OPTIMIZATION_LEVEL = "-Onone";
			};
			name = Debug;
		};
		7CFC807B1DB57DF800D0DFD0 /* Release */ = {
			isa = XCBuildConfiguration;
			buildSettings = {
				ALWAYS_SEARCH_USER_PATHS = NO;
				CLANG_ANALYZER_NONNULL = YES;
				CLANG_CXX_LANGUAGE_STANDARD = "gnu++0x";
				CLANG_CXX_LIBRARY = "libc++";
				CLANG_ENABLE_MODULES = YES;
				CLANG_ENABLE_OBJC_ARC = YES;
				CLANG_WARN_BOOL_CONVERSION = YES;
				CLANG_WARN_CONSTANT_CONVERSION = YES;
				CLANG_WARN_DIRECT_OBJC_ISA_USAGE = YES_ERROR;
				CLANG_WARN_EMPTY_BODY = YES;
				CLANG_WARN_ENUM_CONVERSION = YES;
				CLANG_WARN_INT_CONVERSION = YES;
				CLANG_WARN_OBJC_ROOT_CLASS = YES_ERROR;
				CLANG_WARN_UNREACHABLE_CODE = YES;
				CLANG_WARN__DUPLICATE_METHOD_MATCH = YES;
				"CODE_SIGN_IDENTITY[sdk=iphoneos*]" = "iPhone Developer";
				COPY_PHASE_STRIP = NO;
				DEBUG_INFORMATION_FORMAT = "dwarf-with-dsym";
				ENABLE_NS_ASSERTIONS = NO;
				ENABLE_STRICT_OBJC_MSGSEND = YES;
				GCC_C_LANGUAGE_STANDARD = gnu99;
				GCC_NO_COMMON_BLOCKS = YES;
				GCC_WARN_64_TO_32_BIT_CONVERSION = YES;
				GCC_WARN_ABOUT_RETURN_TYPE = YES_ERROR;
				GCC_WARN_UNDECLARED_SELECTOR = YES;
				GCC_WARN_UNINITIALIZED_AUTOS = YES_AGGRESSIVE;
				GCC_WARN_UNUSED_FUNCTION = YES;
				GCC_WARN_UNUSED_VARIABLE = YES;
				IPHONEOS_DEPLOYMENT_TARGET = 9.3;
				MTL_ENABLE_DEBUG_INFO = NO;
				SDKROOT = iphoneos;
				VALIDATE_PRODUCT = YES;
			};
			name = Release;
		};
		7CFC807D1DB57DF800D0DFD0 /* Debug */ = {
			isa = XCBuildConfiguration;
			buildSettings = {
				ASSETCATALOG_COMPILER_APPICON_NAME = AppIcon;
				INFOPLIST_FILE = Lab_5/Info.plist;
				LD_RUNPATH_SEARCH_PATHS = "$(inherited) @executable_path/Frameworks";
				PRODUCT_BUNDLE_IDENTIFIER = "COOP.Lab-5";
				PRODUCT_NAME = "$(TARGET_NAME)";
			};
			name = Debug;
		};
		7CFC807E1DB57DF800D0DFD0 /* Release */ = {
			isa = XCBuildConfiguration;
			buildSettings = {
				ASSETCATALOG_COMPILER_APPICON_NAME = AppIcon;
				INFOPLIST_FILE = Lab_5/Info.plist;
				LD_RUNPATH_SEARCH_PATHS = "$(inherited) @executable_path/Frameworks";
				PRODUCT_BUNDLE_IDENTIFIER = "COOP.Lab-5";
				PRODUCT_NAME = "$(TARGET_NAME)";
			};
			name = Release;
		};
/* End XCBuildConfiguration section */

/* Begin XCConfigurationList section */
		7CFC80651DB57DF700D0DFD0 /* Build configuration list for PBXProject "Lab_5" */ = {
			isa = XCConfigurationList;
			buildConfigurations = (
				7CFC807A1DB57DF800D0DFD0 /* Debug */,
				7CFC807B1DB57DF800D0DFD0 /* Release */,
			);
			defaultConfigurationIsVisible = 0;
			defaultConfigurationName = Release;
		};
		7CFC807C1DB57DF800D0DFD0 /* Build configuration list for PBXNativeTarget "Lab_5" */ = {
			isa = XCConfigurationList;
			buildConfigurations = (
				7CFC807D1DB57DF800D0DFD0 /* Debug */,
				7CFC807E1DB57DF800D0DFD0 /* Release */,
			);
			defaultConfigurationIsVisible = 0;
		};
/* End XCConfigurationList section */
	};
	rootObject = 7CFC80621DB57DF700D0DFD0 /* Project object */;
}
